// !$*UTF8*$!
{
	archiveVersion = 1;
	classes = {
	};
	objectVersion = 50;
	objects = {

/* Begin PBXBuildFile section */
		331DFD7F236074BC0019AF65 /* AppDelegate.swift in Sources */ = {isa = PBXBuildFile; fileRef = 331DFD7E236074BC0019AF65 /* AppDelegate.swift */; };
		331DFD81236074BC0019AF65 /* ViewController.swift in Sources */ = {isa = PBXBuildFile; fileRef = 331DFD80236074BC0019AF65 /* ViewController.swift */; };
		331DFD84236074BC0019AF65 /* Main.storyboard in Resources */ = {isa = PBXBuildFile; fileRef = 331DFD82236074BC0019AF65 /* Main.storyboard */; };
		331DFD86236074BD0019AF65 /* Assets.xcassets in Resources */ = {isa = PBXBuildFile; fileRef = 331DFD85236074BD0019AF65 /* Assets.xcassets */; };
		331DFD89236074BD0019AF65 /* LaunchScreen.storyboard in Resources */ = {isa = PBXBuildFile; fileRef = 331DFD87236074BD0019AF65 /* LaunchScreen.storyboard */; };
		331DFD94236074BE0019AF65 /* Expand_CellTests.swift in Sources */ = {isa = PBXBuildFile; fileRef = 331DFD93236074BE0019AF65 /* Expand_CellTests.swift */; };
		331DFD9F236074BE0019AF65 /* Expand_CellUITests.swift in Sources */ = {isa = PBXBuildFile; fileRef = 331DFD9E236074BE0019AF65 /* Expand_CellUITests.swift */; };
/* End PBXBuildFile section */

/* Begin PBXContainerItemProxy section */
		331DFD90236074BE0019AF65 /* PBXContainerItemProxy */ = {
			isa = PBXContainerItemProxy;
			containerPortal = 331DFD73236074BC0019AF65 /* Project object */;
			proxyType = 1;
			remoteGlobalIDString = 331DFD7A236074BC0019AF65;
			remoteInfo = Expand_Cell;
		};
		331DFD9B236074BE0019AF65 /* PBXContainerItemProxy */ = {
			isa = PBXContainerItemProxy;
			containerPortal = 331DFD73236074BC0019AF65 /* Project object */;
			proxyType = 1;
			remoteGlobalIDString = 331DFD7A236074BC0019AF65;
			remoteInfo = Expand_Cell;
		};
/* End PBXContainerItemProxy section */

/* Begin PBXFileReference section */
		331DFD7B236074BC0019AF65 /* Expand_Cell.app */ = {isa = PBXFileReference; explicitFileType = wrapper.application; includeInIndex = 0; path = Expand_Cell.app; sourceTree = BUILT_PRODUCTS_DIR; };
		331DFD7E236074BC0019AF65 /* AppDelegate.swift */ = {isa = PBXFileReference; lastKnownFileType = sourcecode.swift; path = AppDelegate.swift; sourceTree = "<group>"; };
		331DFD80236074BC0019AF65 /* ViewController.swift */ = {isa = PBXFileReference; lastKnownFileType = sourcecode.swift; path = ViewController.swift; sourceTree = "<group>"; };
		331DFD83236074BC0019AF65 /* Base */ = {isa = PBXFileReference; lastKnownFileType = file.storyboard; name = Base; path = Base.lproj/Main.storyboard; sourceTree = "<group>"; };
		331DFD85236074BD0019AF65 /* Assets.xcassets */ = {isa = PBXFileReference; lastKnownFileType = folder.assetcatalog; path = Assets.xcassets; sourceTree = "<group>"; };
		331DFD88236074BD0019AF65 /* Base */ = {isa = PBXFileReference; lastKnownFileType = file.storyboard; name = Base; path = Base.lproj/LaunchScreen.storyboard; sourceTree = "<group>"; };
		331DFD8A236074BE0019AF65 /* Info.plist */ = {isa = PBXFileReference; lastKnownFileType = text.plist.xml; path = Info.plist; sourceTree = "<group>"; };
		331DFD8F236074BE0019AF65 /* Expand_CellTests.xctest */ = {isa = PBXFileReference; explicitFileType = wrapper.cfbundle; includeInIndex = 0; path = Expand_CellTests.xctest; sourceTree = BUILT_PRODUCTS_DIR; };
		331DFD93236074BE0019AF65 /* Expand_CellTests.swift */ = {isa = PBXFileReference; lastKnownFileType = sourcecode.swift; path = Expand_CellTests.swift; sourceTree = "<group>"; };
		331DFD95236074BE0019AF65 /* Info.plist */ = {isa = PBXFileReference; lastKnownFileType = text.plist.xml; path = Info.plist; sourceTree = "<group>"; };
		331DFD9A236074BE0019AF65 /* Expand_CellUITests.xctest */ = {isa = PBXFileReference; explicitFileType = wrapper.cfbundle; includeInIndex = 0; path = Expand_CellUITests.xctest; sourceTree = BUILT_PRODUCTS_DIR; };
		331DFD9E236074BE0019AF65 /* Expand_CellUITests.swift */ = {isa = PBXFileReference; lastKnownFileType = sourcecode.swift; path = Expand_CellUITests.swift; sourceTree = "<group>"; };
		331DFDA0236074BE0019AF65 /* Info.plist */ = {isa = PBXFileReference; lastKnownFileType = text.plist.xml; path = Info.plist; sourceTree = "<group>"; };
/* End PBXFileReference section */

/* Begin PBXFrameworksBuildPhase section */
		331DFD78236074BC0019AF65 /* Frameworks */ = {
			isa = PBXFrameworksBuildPhase;
			buildActionMask = 2147483647;
			files = (
			);
			runOnlyForDeploymentPostprocessing = 0;
		};
		331DFD8C236074BE0019AF65 /* Frameworks */ = {
			isa = PBXFrameworksBuildPhase;
			buildActionMask = 2147483647;
			files = (
			);
			runOnlyForDeploymentPostprocessing = 0;
		};
		331DFD97236074BE0019AF65 /* Frameworks */ = {
			isa = PBXFrameworksBuildPhase;
			buildActionMask = 2147483647;
			files = (
			);
			runOnlyForDeploymentPostprocessing = 0;
		};
/* End PBXFrameworksBuildPhase section */

/* Begin PBXGroup section */
		331DFD72236074BC0019AF65 = {
			isa = PBXGroup;
			children = (
				331DFD7D236074BC0019AF65 /* Expand_Cell */,
				331DFD92236074BE0019AF65 /* Expand_CellTests */,
				331DFD9D236074BE0019AF65 /* Expand_CellUITests */,
				331DFD7C236074BC0019AF65 /* Products */,
			);
			sourceTree = "<group>";
		};
		331DFD7C236074BC0019AF65 /* Products */ = {
			isa = PBXGroup;
			children = (
				331DFD7B236074BC0019AF65 /* Expand_Cell.app */,
				331DFD8F236074BE0019AF65 /* Expand_CellTests.xctest */,
				331DFD9A236074BE0019AF65 /* Expand_CellUITests.xctest */,
			);
			name = Products;
			sourceTree = "<group>";
		};
		331DFD7D236074BC0019AF65 /* Expand_Cell */ = {
			isa = PBXGroup;
			children = (
				331DFD7E236074BC0019AF65 /* AppDelegate.swift */,
				331DFD80236074BC0019AF65 /* ViewController.swift */,
				331DFD82236074BC0019AF65 /* Main.storyboard */,
				331DFD85236074BD0019AF65 /* Assets.xcassets */,
				331DFD87236074BD0019AF65 /* LaunchScreen.storyboard */,
				331DFD8A236074BE0019AF65 /* Info.plist */,
			);
			path = Expand_Cell;
			sourceTree = "<group>";
		};
		331DFD92236074BE0019AF65 /* Expand_CellTests */ = {
			isa = PBXGroup;
			children = (
				331DFD93236074BE0019AF65 /* Expand_CellTests.swift */,
				331DFD95236074BE0019AF65 /* Info.plist */,
			);
			path = Expand_CellTests;
			sourceTree = "<group>";
		};
		331DFD9D236074BE0019AF65 /* Expand_CellUITests */ = {
			isa = PBXGroup;
			children = (
				331DFD9E236074BE0019AF65 /* Expand_CellUITests.swift */,
				331DFDA0236074BE0019AF65 /* Info.plist */,
			);
			path = Expand_CellUITests;
			sourceTree = "<group>";
		};
/* End PBXGroup section */

/* Begin PBXNativeTarget section */
		331DFD7A236074BC0019AF65 /* Expand_Cell */ = {
			isa = PBXNativeTarget;
			buildConfigurationList = 331DFDA3236074BE0019AF65 /* Build configuration list for PBXNativeTarget "Expand_Cell" */;
			buildPhases = (
				331DFD77236074BC0019AF65 /* Sources */,
				331DFD78236074BC0019AF65 /* Frameworks */,
				331DFD79236074BC0019AF65 /* Resources */,
			);
			buildRules = (
			);
			dependencies = (
			);
			name = Expand_Cell;
			productName = Expand_Cell;
			productReference = 331DFD7B236074BC0019AF65 /* Expand_Cell.app */;
			productType = "com.apple.product-type.application";
		};
		331DFD8E236074BE0019AF65 /* Expand_CellTests */ = {
			isa = PBXNativeTarget;
			buildConfigurationList = 331DFDA6236074BE0019AF65 /* Build configuration list for PBXNativeTarget "Expand_CellTests" */;
			buildPhases = (
				331DFD8B236074BE0019AF65 /* Sources */,
				331DFD8C236074BE0019AF65 /* Frameworks */,
				331DFD8D236074BE0019AF65 /* Resources */,
			);
			buildRules = (
			);
			dependencies = (
				331DFD91236074BE0019AF65 /* PBXTargetDependency */,
			);
			name = Expand_CellTests;
			productName = Expand_CellTests;
			productReference = 331DFD8F236074BE0019AF65 /* Expand_CellTests.xctest */;
			productType = "com.apple.product-type.bundle.unit-test";
		};
		331DFD99236074BE0019AF65 /* Expand_CellUITests */ = {
			isa = PBXNativeTarget;
			buildConfigurationList = 331DFDA9236074BE0019AF65 /* Build configuration list for PBXNativeTarget "Expand_CellUITests" */;
			buildPhases = (
				331DFD96236074BE0019AF65 /* Sources */,
				331DFD97236074BE0019AF65 /* Frameworks */,
				331DFD98236074BE0019AF65 /* Resources */,
			);
			buildRules = (
			);
			dependencies = (
				331DFD9C236074BE0019AF65 /* PBXTargetDependency */,
			);
			name = Expand_CellUITests;
			productName = Expand_CellUITests;
			productReference = 331DFD9A236074BE0019AF65 /* Expand_CellUITests.xctest */;
			productType = "com.apple.product-type.bundle.ui-testing";
		};
/* End PBXNativeTarget section */

/* Begin PBXProject section */
		331DFD73236074BC0019AF65 /* Project object */ = {
			isa = PBXProject;
			attributes = {
				LastSwiftUpdateCheck = 1010;
				LastUpgradeCheck = 1010;
				ORGANIZATIONNAME = "양팀장";
				TargetAttributes = {
					331DFD7A236074BC0019AF65 = {
						CreatedOnToolsVersion = 10.1;
					};
					331DFD8E236074BE0019AF65 = {
						CreatedOnToolsVersion = 10.1;
						TestTargetID = 331DFD7A236074BC0019AF65;
					};
					331DFD99236074BE0019AF65 = {
						CreatedOnToolsVersion = 10.1;
						TestTargetID = 331DFD7A236074BC0019AF65;
					};
				};
			};
			buildConfigurationList = 331DFD76236074BC0019AF65 /* Build configuration list for PBXProject "Expand_Cell" */;
			compatibilityVersion = "Xcode 9.3";
			developmentRegion = en;
			hasScannedForEncodings = 0;
			knownRegions = (
				en,
				Base,
			);
			mainGroup = 331DFD72236074BC0019AF65;
			productRefGroup = 331DFD7C236074BC0019AF65 /* Products */;
			projectDirPath = "";
			projectRoot = "";
			targets = (
				331DFD7A236074BC0019AF65 /* Expand_Cell */,
				331DFD8E236074BE0019AF65 /* Expand_CellTests */,
				331DFD99236074BE0019AF65 /* Expand_CellUITests */,
			);
		};
/* End PBXProject section */

/* Begin PBXResourcesBuildPhase section */
		331DFD79236074BC0019AF65 /* Resources */ = {
			isa = PBXResourcesBuildPhase;
			buildActionMask = 2147483647;
			files = (
				331DFD89236074BD0019AF65 /* LaunchScreen.storyboard in Resources */,
				331DFD86236074BD0019AF65 /* Assets.xcassets in Resources */,
				331DFD84236074BC0019AF65 /* Main.storyboard in Resources */,
			);
			runOnlyForDeploymentPostprocessing = 0;
		};
		331DFD8D236074BE0019AF65 /* Resources */ = {
			isa = PBXResourcesBuildPhase;
			buildActionMask = 2147483647;
			files = (
			);
			runOnlyForDeploymentPostprocessing = 0;
		};
		331DFD98236074BE0019AF65 /* Resources */ = {
			isa = PBXResourcesBuildPhase;
			buildActionMask = 2147483647;
			files = (
			);
			runOnlyForDeploymentPostprocessing = 0;
		};
/* End PBXResourcesBuildPhase section */

/* Begin PBXSourcesBuildPhase section */
		331DFD77236074BC0019AF65 /* Sources */ = {
			isa = PBXSourcesBuildPhase;
			buildActionMask = 2147483647;
			files = (
				331DFD81236074BC0019AF65 /* ViewController.swift in Sources */,
				331DFD7F236074BC0019AF65 /* AppDelegate.swift in Sources */,
			);
			runOnlyForDeploymentPostprocessing = 0;
		};
		331DFD8B236074BE0019AF65 /* Sources */ = {
			isa = PBXSourcesBuildPhase;
			buildActionMask = 2147483647;
			files = (
				331DFD94236074BE0019AF65 /* Expand_CellTests.swift in Sources */,
			);
			runOnlyForDeploymentPostprocessing = 0;
		};
		331DFD96236074BE0019AF65 /* Sources */ = {
			isa = PBXSourcesBuildPhase;
			buildActionMask = 2147483647;
			files = (
				331DFD9F236074BE0019AF65 /* Expand_CellUITests.swift in Sources */,
			);
			runOnlyForDeploymentPostprocessing = 0;
		};
/* End PBXSourcesBuildPhase section */

/* Begin PBXTargetDependency section */
		331DFD91236074BE0019AF65 /* PBXTargetDependency */ = {
			isa = PBXTargetDependency;
			target = 331DFD7A236074BC0019AF65 /* Expand_Cell */;
			targetProxy = 331DFD90236074BE0019AF65 /* PBXContainerItemProxy */;
		};
		331DFD9C236074BE0019AF65 /* PBXTargetDependency */ = {
			isa = PBXTargetDependency;
			target = 331DFD7A236074BC0019AF65 /* Expand_Cell */;
			targetProxy = 331DFD9B236074BE0019AF65 /* PBXContainerItemProxy */;
		};
/* End PBXTargetDependency section */

/* Begin PBXVariantGroup section */
		331DFD82236074BC0019AF65 /* Main.storyboard */ = {
			isa = PBXVariantGroup;
			children = (
				331DFD83236074BC0019AF65 /* Base */,
			);
			name = Main.storyboard;
			sourceTree = "<group>";
		};
		331DFD87236074BD0019AF65 /* LaunchScreen.storyboard */ = {
			isa = PBXVariantGroup;
			children = (
				331DFD88236074BD0019AF65 /* Base */,
			);
			name = LaunchScreen.storyboard;
			sourceTree = "<group>";
		};
/* End PBXVariantGroup section */

/* Begin XCBuildConfiguration section */
		331DFDA1236074BE0019AF65 /* Debug */ = {
			isa = XCBuildConfiguration;
			buildSettings = {
				ALWAYS_SEARCH_USER_PATHS = NO;
				CLANG_ANALYZER_NONNULL = YES;
				CLANG_ANALYZER_NUMBER_OBJECT_CONVERSION = YES_AGGRESSIVE;
				CLANG_CXX_LANGUAGE_STANDARD = "gnu++14";
				CLANG_CXX_LIBRARY = "libc++";
				CLANG_ENABLE_MODULES = YES;
				CLANG_ENABLE_OBJC_ARC = YES;
				CLANG_ENABLE_OBJC_WEAK = YES;
				CLANG_WARN_BLOCK_CAPTURE_AUTORELEASING = YES;
				CLANG_WARN_BOOL_CONVERSION = YES;
				CLANG_WARN_COMMA = YES;
				CLANG_WARN_CONSTANT_CONVERSION = YES;
				CLANG_WARN_DEPRECATED_OBJC_IMPLEMENTATIONS = YES;
				CLANG_WARN_DIRECT_OBJC_ISA_USAGE = YES_ERROR;
				CLANG_WARN_DOCUMENTATION_COMMENTS = YES;
				CLANG_WARN_EMPTY_BODY = YES;
				CLANG_WARN_ENUM_CONVERSION = YES;
				CLANG_WARN_INFINITE_RECURSION = YES;
				CLANG_WARN_INT_CONVERSION = YES;
				CLANG_WARN_NON_LITERAL_NULL_CONVERSION = YES;
				CLANG_WARN_OBJC_IMPLICIT_RETAIN_SELF = YES;
				CLANG_WARN_OBJC_LITERAL_CONVERSION = YES;
				CLANG_WARN_OBJC_ROOT_CLASS = YES_ERROR;
				CLANG_WARN_RANGE_LOOP_ANALYSIS = YES;
				CLANG_WARN_STRICT_PROTOTYPES = YES;
				CLANG_WARN_SUSPICIOUS_MOVE = YES;
				CLANG_WARN_UNGUARDED_AVAILABILITY = YES_AGGRESSIVE;
				CLANG_WARN_UNREACHABLE_CODE = YES;
				CLANG_WARN__DUPLICATE_METHOD_MATCH = YES;
				CODE_SIGN_IDENTITY = "iPhone Developer";
				COPY_PHASE_STRIP = NO;
				DEBUG_INFORMATION_FORMAT = dwarf;
				ENABLE_STRICT_OBJC_MSGSEND = YES;
				ENABLE_TESTABILITY = YES;
				GCC_C_LANGUAGE_STANDARD = gnu11;
				GCC_DYNAMIC_NO_PIC = NO;
				GCC_NO_COMMON_BLOCKS = YES;
				GCC_OPTIMIZATION_LEVEL = 0;
				GCC_PREPROCESSOR_DEFINITIONS = (
					"DEBUG=1",
					"$(inherited)",
				);
				GCC_WARN_64_TO_32_BIT_CONVERSION = YES;
				GCC_WARN_ABOUT_RETURN_TYPE = YES_ERROR;
				GCC_WARN_UNDECLARED_SELECTOR = YES;
				GCC_WARN_UNINITIALIZED_AUTOS = YES_AGGRESSIVE;
				GCC_WARN_UNUSED_FUNCTION = YES;
				GCC_WARN_UNUSED_VARIABLE = YES;
				IPHONEOS_DEPLOYMENT_TARGET = 12.1;
				MTL_ENABLE_DEBUG_INFO = INCLUDE_SOURCE;
				MTL_FAST_MATH = YES;
				ONLY_ACTIVE_ARCH = YES;
				SDKROOT = iphoneos;
				SWIFT_ACTIVE_COMPILATION_CONDITIONS = DEBUG;
				SWIFT_OPTIMIZATION_LEVEL = "-Onone";
			};
			name = Debug;
		};
		331DFDA2236074BE0019AF65 /* Release */ = {
			isa = XCBuildConfiguration;
			buildSettings = {
				ALWAYS_SEARCH_USER_PATHS = NO;
				CLANG_ANALYZER_NONNULL = YES;
				CLANG_ANALYZER_NUMBER_OBJECT_CONVERSION = YES_AGGRESSIVE;
				CLANG_CXX_LANGUAGE_STANDARD = "gnu++14";
				CLANG_CXX_LIBRARY = "libc++";
				CLANG_ENABLE_MODULES = YES;
				CLANG_ENABLE_OBJC_ARC = YES;
				CLANG_ENABLE_OBJC_WEAK = YES;
				CLANG_WARN_BLOCK_CAPTURE_AUTORELEASING = YES;
				CLANG_WARN_BOOL_CONVERSION = YES;
				CLANG_WARN_COMMA = YES;
				CLANG_WARN_CONSTANT_CONVERSION = YES;
				CLANG_WARN_DEPRECATED_OBJC_IMPLEMENTATIONS = YES;
				CLANG_WARN_DIRECT_OBJC_ISA_USAGE = YES_ERROR;
				CLANG_WARN_DOCUMENTATION_COMMENTS = YES;
				CLANG_WARN_EMPTY_BODY = YES;
				CLANG_WARN_ENUM_CONVERSION = YES;
				CLANG_WARN_INFINITE_RECURSION = YES;
				CLANG_WARN_INT_CONVERSION = YES;
				CLANG_WARN_NON_LITERAL_NULL_CONVERSION = YES;
				CLANG_WARN_OBJC_IMPLICIT_RETAIN_SELF = YES;
				CLANG_WARN_OBJC_LITERAL_CONVERSION = YES;
				CLANG_WARN_OBJC_ROOT_CLASS = YES_ERROR;
				CLANG_WARN_RANGE_LOOP_ANALYSIS = YES;
				CLANG_WARN_STRICT_PROTOTYPES = YES;
				CLANG_WARN_SUSPICIOUS_MOVE = YES;
				CLANG_WARN_UNGUARDED_AVAILABILITY = YES_AGGRESSIVE;
				CLANG_WARN_UNREACHABLE_CODE = YES;
				CLANG_WARN__DUPLICATE_METHOD_MATCH = YES;
				CODE_SIGN_IDENTITY = "iPhone Developer";
				COPY_PHASE_STRIP = NO;
				DEBUG_INFORMATION_FORMAT = "dwarf-with-dsym";
				ENABLE_NS_ASSERTIONS = NO;
				ENABLE_STRICT_OBJC_MSGSEND = YES;
				GCC_C_LANGUAGE_STANDARD = gnu11;
				GCC_NO_COMMON_BLOCKS = YES;
				GCC_WARN_64_TO_32_BIT_CONVERSION = YES;
				GCC_WARN_ABOUT_RETURN_TYPE = YES_ERROR;
				GCC_WARN_UNDECLARED_SELECTOR = YES;
				GCC_WARN_UNINITIALIZED_AUTOS = YES_AGGRESSIVE;
				GCC_WARN_UNUSED_FUNCTION = YES;
				GCC_WARN_UNUSED_VARIABLE = YES;
				IPHONEOS_DEPLOYMENT_TARGET = 12.1;
				MTL_ENABLE_DEBUG_INFO = NO;
				MTL_FAST_MATH = YES;
				SDKROOT = iphoneos;
				SWIFT_COMPILATION_MODE = wholemodule;
				SWIFT_OPTIMIZATION_LEVEL = "-O";
				VALIDATE_PRODUCT = YES;
			};
			name = Release;
		};
		331DFDA4236074BE0019AF65 /* Debug */ = {
			isa = XCBuildConfiguration;
			buildSettings = {
				ASSETCATALOG_COMPILER_APPICON_NAME = AppIcon;
				CODE_SIGN_STYLE = Automatic;
				DEVELOPMENT_TEAM = 9RZ227D96G;
				INFOPLIST_FILE = Expand_Cell/Info.plist;
				LD_RUNPATH_SEARCH_PATHS = (
					"$(inherited)",
					"@executable_path/Frameworks",
				);
				PRODUCT_BUNDLE_IDENTIFIER = "kbschool.co.kr.Expand-Cell";
				PRODUCT_NAME = "$(TARGET_NAME)";
				SWIFT_VERSION = 4.2;
				TARGETED_DEVICE_FAMILY = "1,2";
			};
			name = Debug;
		};
		331DFDA5236074BE0019AF65 /* Release */ = {
			isa = XCBuildConfiguration;
			buildSettings = {
				ASSETCATALOG_COMPILER_APPICON_NAME = AppIcon;
				CODE_SIGN_STYLE = Automatic;
				DEVELOPMENT_TEAM = 9RZ227D96G;
				INFOPLIST_FILE = Expand_Cell/Info.plist;
				LD_RUNPATH_SEARCH_PATHS = (
					"$(inherited)",
					"@executable_path/Frameworks",
				);
				PRODUCT_BUNDLE_IDENTIFIER = "kbschool.co.kr.Expand-Cell";
				PRODUCT_NAME = "$(TARGET_NAME)";
				SWIFT_VERSION = 4.2;
				TARGETED_DEVICE_FAMILY = "1,2";
			};
			name = Release;
		};
		331DFDA7236074BE0019AF65 /* Debug */ = {
			isa = XCBuildConfiguration;
			buildSettings = {
				ALWAYS_EMBED_SWIFT_STANDARD_LIBRARIES = YES;
				BUNDLE_LOADER = "$(TEST_HOST)";
				CODE_SIGN_STYLE = Automatic;
				DEVELOPMENT_TEAM = 9RZ227D96G;
				INFOPLIST_FILE = Expand_CellTests/Info.plist;
				LD_RUNPATH_SEARCH_PATHS = (
					"$(inherited)",
					"@executable_path/Frameworks",
					"@loader_path/Frameworks",
				);
				PRODUCT_BUNDLE_IDENTIFIER = "kbschool.co.kr.Expand-CellTests";
				PRODUCT_NAME = "$(TARGET_NAME)";
				SWIFT_VERSION = 4.2;
				TARGETED_DEVICE_FAMILY = "1,2";
				TEST_HOST = "$(BUILT_PRODUCTS_DIR)/Expand_Cell.app/Expand_Cell";
			};
			name = Debug;
		};
		331DFDA8236074BE0019AF65 /* Release */ = {
			isa = XCBuildConfiguration;
			buildSettings = {
				ALWAYS_EMBED_SWIFT_STANDARD_LIBRARIES = YES;
				BUNDLE_LOADER = "$(TEST_HOST)";
				CODE_SIGN_STYLE = Automatic;
				DEVELOPMENT_TEAM = 9RZ227D96G;
				INFOPLIST_FILE = Expand_CellTests/Info.plist;
				LD_RUNPATH_SEARCH_PATHS = (
					"$(inherited)",
					"@executable_path/Frameworks",
					"@loader_path/Frameworks",
				);
				PRODUCT_BUNDLE_IDENTIFIER = "kbschool.co.kr.Expand-CellTests";
				PRODUCT_NAME = "$(TARGET_NAME)";
				SWIFT_VERSION = 4.2;
				TARGETED_DEVICE_FAMILY = "1,2";
				TEST_HOST = "$(BUILT_PRODUCTS_DIR)/Expand_Cell.app/Expand_Cell";
			};
			name = Release;
		};
		331DFDAA236074BE0019AF65 /* Debug */ = {
			isa = XCBuildConfiguration;
			buildSettings = {
				ALWAYS_EMBED_SWIFT_STANDARD_LIBRARIES = YES;
				CODE_SIGN_STYLE = Automatic;
				DEVELOPMENT_TEAM = 9RZ227D96G;
				INFOPLIST_FILE = Expand_CellUITests/Info.plist;
				LD_RUNPATH_SEARCH_PATHS = (
					"$(inherited)",
					"@executable_path/Frameworks",
					"@loader_path/Frameworks",
				);
				PRODUCT_BUNDLE_IDENTIFIER = "kbschool.co.kr.Expand-CellUITests";
				PRODUCT_NAME = "$(TARGET_NAME)";
				SWIFT_VERSION = 4.2;
				TARGETED_DEVICE_FAMILY = "1,2";
				TEST_TARGET_NAME = Expand_Cell;
			};
			name = Debug;
		};
		331DFDAB236074BE0019AF65 /* Release */ = {
			isa = XCBuildConfiguration;
			buildSettings = {
				ALWAYS_EMBED_SWIFT_STANDARD_LIBRARIES = YES;
				CODE_SIGN_STYLE = Automatic;
				DEVELOPMENT_TEAM = 9RZ227D96G;
				INFOPLIST_FILE = Expand_CellUITests/Info.plist;
				LD_RUNPATH_SEARCH_PATHS = (
					"$(inherited)",
					"@executable_path/Frameworks",
					"@loader_path/Frameworks",
				);
				PRODUCT_BUNDLE_IDENTIFIER = "kbschool.co.kr.Expand-CellUITests";
				PRODUCT_NAME = "$(TARGET_NAME)";
				SWIFT_VERSION = 4.2;
				TARGETED_DEVICE_FAMILY = "1,2";
				TEST_TARGET_NAME = Expand_Cell;
			};
			name = Release;
		};
/* End XCBuildConfiguration section */

/* Begin XCConfigurationList section */
		331DFD76236074BC0019AF65 /* Build configuration list for PBXProject "Expand_Cell" */ = {
			isa = XCConfigurationList;
			buildConfigurations = (
				331DFDA1236074BE0019AF65 /* Debug */,
				331DFDA2236074BE0019AF65 /* Release */,
			);
			defaultConfigurationIsVisible = 0;
			defaultConfigurationName = Release;
		};
		331DFDA3236074BE0019AF65 /* Build configuration list for PBXNativeTarget "Expand_Cell" */ = {
			isa = XCConfigurationList;
			buildConfigurations = (
				331DFDA4236074BE0019AF65 /* Debug */,
				331DFDA5236074BE0019AF65 /* Release */,
			);
			defaultConfigurationIsVisible = 0;
			defaultConfigurationName = Release;
		};
		331DFDA6236074BE0019AF65 /* Build configuration list for PBXNativeTarget "Expand_CellTests" */ = {
			isa = XCConfigurationList;
			buildConfigurations = (
				331DFDA7236074BE0019AF65 /* Debug */,
				331DFDA8236074BE0019AF65 /* Release */,
			);
			defaultConfigurationIsVisible = 0;
			defaultConfigurationName = Release;
		};
		331DFDA9236074BE0019AF65 /* Build configuration list for PBXNativeTarget "Expand_CellUITests" */ = {
			isa = XCConfigurationList;
			buildConfigurations = (
				331DFDAA236074BE0019AF65 /* Debug */,
				331DFDAB236074BE0019AF65 /* Release */,
			);
			defaultConfigurationIsVisible = 0;
			defaultConfigurationName = Release;
		};
/* End XCConfigurationList section */
	};
	rootObject = 331DFD73236074BC0019AF65 /* Project object */;
}
